{
    "_meta": {
        "hash": {
            "sha256": "4a16cc5caaacfc14d9a4a1f533b4dd19b7a06ad487162142b89d574d840f01e5"
        },
        "pipfile-spec": 6,
        "requires": {
            "python_version": "3.8"
        },
        "sources": [
            {
                "name": "pypi",
                "url": "https://pypi.python.org/simple",
                "verify_ssl": true
            }
        ]
    },
    "default": {
        "asgiref": {
            "hashes": [
                "sha256:3e1e3ecc849832fe52ccf2cb6686b7a55f82bb1d6aee72a58826471390335e47",
                "sha256:c343bd80a0bec947a9860adb4c432ffa7db769836c64238fc34bdc3fec84d590"
            ],
            "version": "==3.8.1"
        },
        "django": {
            "hashes": [
                "sha256:1e39eafdd1b185e761d9fab7a9f0b9fa00af1b37b25ad980a8aa0dac13535690",
                "sha256:8d203400bc2952fbfb287c2bbda630297d654920c72a73cc82a9ad7926feaad5"
            ],
            "index": "pypi",
            "version": "==5.1.6"
        },
        "django-ckeditor": {
            "hashes": [
                "sha256:2b3f147ce21eba861db481683e9a4639c11f0ad1f0d37c179003ef07f9eb65a4",
                "sha256:a66be4f0ca13924d756e4930260144b31df4164eae8b942ca610f4313df00d5f"
            ],
            "index": "pypi",
            "version": "==6.7.2"
        },
        "django-js-asset": {
            "hashes": [
                "sha256:2f71e1e3df9c33fdccd2d41a50214a649cce64a832b42e1df26a79135fd3e8bd",
                "sha256:b8855d9983174ea162c8fb2bfcb3c9ff559f373226554f196170c93f07597c3d"
            ],
            "version": "==3.1.0"
        },
        "sqlparse": {
            "hashes": [
                "sha256:09f67787f56a0b16ecdbde1bfc7f5d9c3371ca683cfeaa8e6ff60b4807ec9272",
                "sha256:cf2196ed3418f3ba5de6af7e82c694a9fbdbfecccdfc72e281548517081f16ca"
            ],
            "version": "==0.5.3"
        },
        "typing-extensions": {
            "hashes": [
                "sha256:04e5ca0351e0f3f85c6853954072df659d0d13fac324d0072316b67d7794700d",
                "sha256:1a7ead55c7e559dd4dee8856e3a88b41225abfe1ce8df57b7c13915fe121ffb8"
            ],
            "markers": "python_version < '3.11'",
            "version": "==4.12.2"
        }
    },
    "develop": {}
}
